
Microsoft Visual Studio Solution File, Format Version 12.00
# Visual Studio Version 17
VisualStudioVersion = 17.14.36414.22
MinimumVisualStudioVersion = 10.0.40219.1
Project("{FAE04EC0-301F-11D3-BF4B-00C04F79EFBC}") = "ChordHub.AppHost", "ChordHub.AppHost\ChordHub.AppHost.csproj", "{DA12CB4A-985D-4E54-B9E1-E2DFC64638FC}"
EndProject
Project("{FAE04EC0-301F-11D3-BF4B-00C04F79EFBC}") = "ChordHub.Api.Public", "ChordHub.Api.Public\ChordHub.Api.Public.csproj", "{637D77FA-4C43-37CA-2CE5-B8EF0A340768}"
EndProject
Project("{FAE04EC0-301F-11D3-BF4B-00C04F79EFBC}") = "ChordHub.Api.Internal", "ChordHub.Api.Internal\ChordHub.Api.Internal.csproj", "{8A801015-14CD-E82A-F8FD-DD8103ED5EF2}"
EndProject
Project("{FAE04EC0-301F-11D3-BF4B-00C04F79EFBC}") = "ChordHub.Api.Shared", "ChordHub.Api.Shared\ChordHub.Api.Shared.csproj", "{4F04D49A-4EBE-40C0-8DFD-6AE7C2CA2A69}"
EndProject
Project("{FAE04EC0-301F-11D3-BF4B-00C04F79EFBC}") = "ChordHub.Infrastructure", "ChordHub.Infrastructure\ChordHub.Infrastructure.csproj", "{258B05F2-4600-4347-99B8-1D68E4852FE2}"
EndProject
Project("{FAE04EC0-301F-11D3-BF4B-00C04F79EFBC}") = "ChordHub.Service.Discord", "ChordHub.Service.Discord\ChordHub.Service.Discord.csproj", "{CF0D7848-7F9F-51FE-4B34-6457DA6198EE}"
EndProject
Project("{FAE04EC0-301F-11D3-BF4B-00C04F79EFBC}") = "ChordHub.Api.Core", "ChordHub.Api.Core\ChordHub.Api.Core.csproj", "{B365A0A4-948A-4496-98A2-E97E9DB496C0}"
EndProject
Global
	GlobalSection(SolutionConfigurationPlatforms) = preSolution
		Debug|Any CPU = Debug|Any CPU
		Release|Any CPU = Release|Any CPU
	EndGlobalSection
	GlobalSection(ProjectConfigurationPlatforms) = postSolution
		{DA12CB4A-985D-4E54-B9E1-E2DFC64638FC}.Debug|Any CPU.ActiveCfg = Debug|Any CPU
		{DA12CB4A-985D-4E54-B9E1-E2DFC64638FC}.Debug|Any CPU.Build.0 = Debug|Any CPU
		{DA12CB4A-985D-4E54-B9E1-E2DFC64638FC}.Release|Any CPU.ActiveCfg = Release|Any CPU
		{DA12CB4A-985D-4E54-B9E1-E2DFC64638FC}.Release|Any CPU.Build.0 = Release|Any CPU
		{637D77FA-4C43-37CA-2CE5-B8EF0A340768}.Debug|Any CPU.ActiveCfg = Debug|Any CPU
		{637D77FA-4C43-37CA-2CE5-B8EF0A340768}.Debug|Any CPU.Build.0 = Debug|Any CPU
		{637D77FA-4C43-37CA-2CE5-B8EF0A340768}.Release|Any CPU.ActiveCfg = Release|Any CPU
		{637D77FA-4C43-37CA-2CE5-B8EF0A340768}.Release|Any CPU.Build.0 = Release|Any CPU
		{8A801015-14CD-E82A-F8FD-DD8103ED5EF2}.Debug|Any CPU.ActiveCfg = Debug|Any CPU
		{8A801015-14CD-E82A-F8FD-DD8103ED5EF2}.Debug|Any CPU.Build.0 = Debug|Any CPU
		{8A801015-14CD-E82A-F8FD-DD8103ED5EF2}.Release|Any CPU.ActiveCfg = Release|Any CPU
		{8A801015-14CD-E82A-F8FD-DD8103ED5EF2}.Release|Any CPU.Build.0 = Release|Any CPU
		{4F04D49A-4EBE-40C0-8DFD-6AE7C2CA2A69}.Debug|Any CPU.ActiveCfg = Debug|Any CPU
		{4F04D49A-4EBE-40C0-8DFD-6AE7C2CA2A69}.Debug|Any CPU.Build.0 = Debug|Any CPU
		{4F04D49A-4EBE-40C0-8DFD-6AE7C2CA2A69}.Release|Any CPU.ActiveCfg = Release|Any CPU
		{4F04D49A-4EBE-40C0-8DFD-6AE7C2CA2A69}.Release|Any CPU.Build.0 = Release|Any CPU
		{258B05F2-4600-4347-99B8-1D68E4852FE2}.Debug|Any CPU.ActiveCfg = Debug|Any CPU
		{258B05F2-4600-4347-99B8-1D68E4852FE2}.Debug|Any CPU.Build.0 = Debug|Any CPU
		{258B05F2-4600-4347-99B8-1D68E4852FE2}.Release|Any CPU.ActiveCfg = Release|Any CPU
		{258B05F2-4600-4347-99B8-1D68E4852FE2}.Release|Any CPU.Build.0 = Release|Any CPU
		{CF0D7848-7F9F-51FE-4B34-6457DA6198EE}.Debug|Any CPU.ActiveCfg = Debug|Any CPU
		{CF0D7848-7F9F-51FE-4B34-6457DA6198EE}.Debug|Any CPU.Build.0 = Debug|Any CPU
		{CF0D7848-7F9F-51FE-4B34-6457DA6198EE}.Release|Any CPU.ActiveCfg = Release|Any CPU
		{CF0D7848-7F9F-51FE-4B34-6457DA6198EE}.Release|Any CPU.Build.0 = Release|Any CPU
		{B365A0A4-948A-4496-98A2-E97E9DB496C0}.Debug|Any CPU.ActiveCfg = Debug|Any CPU
		{B365A0A4-948A-4496-98A2-E97E9DB496C0}.Debug|Any CPU.Build.0 = Debug|Any CPU
		{B365A0A4-948A-4496-98A2-E97E9DB496C0}.Release|Any CPU.ActiveCfg = Release|Any CPU
		{B365A0A4-948A-4496-98A2-E97E9DB496C0}.Release|Any CPU.Build.0 = Release|Any CPU
	EndGlobalSection
	GlobalSection(SolutionProperties) = preSolution
		HideSolutionNode = FALSE
	EndGlobalSection
	GlobalSection(ExtensibilityGlobals) = postSolution
		SolutionGuid = {A2D0F852-67AE-4FA3-818F-C53BBF72FF53}
	EndGlobalSection
EndGlobal
